
Microsoft Visual Studio Solution File, Format Version 12.00
# Visual Studio Version 17
VisualStudioVersion = 17.4.33213.308
MinimumVisualStudioVersion = 10.0.40219.1
Project("{9A19103F-16F7-4668-BE54-9A1E7A4F7556}") = "TournamentApp", "TournamentApp.csproj", "{29028904-35A8-449B-A277-94A42572A4B3}"
EndProject
Project("{9A19103F-16F7-4668-BE54-9A1E7A4F7556}") = "TournamentApp.Infrastructure", "..\TournamentApp.Infrastructure\TournamentApp.Infrastructure.csproj", "{C7F6FF98-FAAF-4040-8329-000D88D84D11}"
EndProject
Project("{FAE04EC0-301F-11D3-BF4B-00C04F79EFBC}") = "TournamentApp.Domain", "..\TournamentApp.Domain\TournamentApp.Domain.csproj", "{C859827D-5104-441A-BE35-06F24F67DFF4}"
EndProject
Global
	GlobalSection(SolutionConfigurationPlatforms) = preSolution
		Debug|Any CPU = Debug|Any CPU
		Release|Any CPU = Release|Any CPU
	EndGlobalSection
	GlobalSection(ProjectConfigurationPlatforms) = postSolution
		{29028904-35A8-449B-A277-94A42572A4B3}.Debug|Any CPU.ActiveCfg = Debug|Any CPU
		{29028904-35A8-449B-A277-94A42572A4B3}.Debug|Any CPU.Build.0 = Debug|Any CPU
		{29028904-35A8-449B-A277-94A42572A4B3}.Release|Any CPU.ActiveCfg = Release|Any CPU
		{29028904-35A8-449B-A277-94A42572A4B3}.Release|Any CPU.Build.0 = Release|Any CPU
		{C7F6FF98-FAAF-4040-8329-000D88D84D11}.Debug|Any CPU.ActiveCfg = Debug|Any CPU
		{C7F6FF98-FAAF-4040-8329-000D88D84D11}.Debug|Any CPU.Build.0 = Debug|Any CPU
		{C7F6FF98-FAAF-4040-8329-000D88D84D11}.Release|Any CPU.ActiveCfg = Release|Any CPU
		{C7F6FF98-FAAF-4040-8329-000D88D84D11}.Release|Any CPU.Build.0 = Release|Any CPU
		{C859827D-5104-441A-BE35-06F24F67DFF4}.Debug|Any CPU.ActiveCfg = Debug|Any CPU
		{C859827D-5104-441A-BE35-06F24F67DFF4}.Debug|Any CPU.Build.0 = Debug|Any CPU
		{C859827D-5104-441A-BE35-06F24F67DFF4}.Release|Any CPU.ActiveCfg = Release|Any CPU
		{C859827D-5104-441A-BE35-06F24F67DFF4}.Release|Any CPU.Build.0 = Release|Any CPU
	EndGlobalSection
	GlobalSection(SolutionProperties) = preSolution
		HideSolutionNode = FALSE
	EndGlobalSection
	GlobalSection(ExtensibilityGlobals) = postSolution
		SolutionGuid = {9C434878-8DF5-46DA-9332-B27A9E191CBE}
	EndGlobalSection
EndGlobal
