{
  "requires": true,
  "lockfileVersion": 1,
  "dependencies": {
    "@g-loot/react-tournament-brackets": {
      "version": "1.0.27",
      "resolved": "https://registry.npmjs.org/@g-loot/react-tournament-brackets/-/react-tournament-brackets-1.0.27.tgz",
      "integrity": "sha512-2z/ESErN4RiSqs/jqJviIMmHlldGB4qD3CMfFl2cqYhHS8K8IKYvb/FmbVotCvdtXonfZB4Ydy9gqF0kSjwCwg=="
    }
  }
}
